// !$*UTF8*$!
{
	archiveVersion = 1;
	classes = {
	};
	objectVersion = 46;
	objects = {

/* Begin PBXBuildFile section */
		926003791A8B295D00AB4EBD /* Foundation.framework in Frameworks */ = {isa = PBXBuildFile; fileRef = 926003781A8B295D00AB4EBD /* Foundation.framework */; };
		9260037B1A8B295D00AB4EBD /* CoreGraphics.framework in Frameworks */ = {isa = PBXBuildFile; fileRef = 9260037A1A8B295D00AB4EBD /* CoreGraphics.framework */; };
		9260037D1A8B295D00AB4EBD /* UIKit.framework in Frameworks */ = {isa = PBXBuildFile; fileRef = 9260037C1A8B295D00AB4EBD /* UIKit.framework */; };
		926003831A8B295D00AB4EBD /* InfoPlist.strings in Resources */ = {isa = PBXBuildFile; fileRef = 926003811A8B295D00AB4EBD /* InfoPlist.strings */; };
		926003851A8B295D00AB4EBD /* main.m in Sources */ = {isa = PBXBuildFile; fileRef = 926003841A8B295D00AB4EBD /* main.m */; };
		926003891A8B295D00AB4EBD /* AppDelegate.m in Sources */ = {isa = PBXBuildFile; fileRef = 926003881A8B295D00AB4EBD /* AppDelegate.m */; };
		9260038C1A8B295D00AB4EBD /* Main.storyboard in Resources */ = {isa = PBXBuildFile; fileRef = 9260038A1A8B295D00AB4EBD /* Main.storyboard */; };
		9260038F1A8B295D00AB4EBD /* ViewController.m in Sources */ = {isa = PBXBuildFile; fileRef = 9260038E1A8B295D00AB4EBD /* ViewController.m */; };
		926003911A8B295D00AB4EBD /* Images.xcassets in Resources */ = {isa = PBXBuildFile; fileRef = 926003901A8B295D00AB4EBD /* Images.xcassets */; };
		926003981A8B295D00AB4EBD /* XCTest.framework in Frameworks */ = {isa = PBXBuildFile; fileRef = 926003971A8B295D00AB4EBD /* XCTest.framework */; };
		926003991A8B295D00AB4EBD /* Foundation.framework in Frameworks */ = {isa = PBXBuildFile; fileRef = 926003781A8B295D00AB4EBD /* Foundation.framework */; };
		9260039A1A8B295D00AB4EBD /* UIKit.framework in Frameworks */ = {isa = PBXBuildFile; fileRef = 9260037C1A8B295D00AB4EBD /* UIKit.framework */; };
		926003A21A8B295D00AB4EBD /* InfoPlist.strings in Resources */ = {isa = PBXBuildFile; fileRef = 926003A01A8B295D00AB4EBD /* InfoPlist.strings */; };
		926003A41A8B295D00AB4EBD /* githubtestTests.m in Sources */ = {isa = PBXBuildFile; fileRef = 926003A31A8B295D00AB4EBD /* githubtestTests.m */; };
/* End PBXBuildFile section */

/* Begin PBXContainerItemProxy section */
		9260039B1A8B295D00AB4EBD /* PBXContainerItemProxy */ = {
			isa = PBXContainerItemProxy;
			containerPortal = 9260036D1A8B295D00AB4EBD /* Project object */;
			proxyType = 1;
			remoteGlobalIDString = 926003741A8B295D00AB4EBD;
			remoteInfo = githubtest;
		};
/* End PBXContainerItemProxy section */

/* Begin PBXFileReference section */
		926003751A8B295D00AB4EBD /* githubtest.app */ = {isa = PBXFileReference; explicitFileType = wrapper.application; includeInIndex = 0; path = githubtest.app; sourceTree = BUILT_PRODUCTS_DIR; };
		926003781A8B295D00AB4EBD /* Foundation.framework */ = {isa = PBXFileReference; lastKnownFileType = wrapper.framework; name = Foundation.framework; path = System/Library/Frameworks/Foundation.framework; sourceTree = SDKROOT; };
		9260037A1A8B295D00AB4EBD /* CoreGraphics.framework */ = {isa = PBXFileReference; lastKnownFileType = wrapper.framework; name = CoreGraphics.framework; path = System/Library/Frameworks/CoreGraphics.framework; sourceTree = SDKROOT; };
		9260037C1A8B295D00AB4EBD /* UIKit.framework */ = {isa = PBXFileReference; lastKnownFileType = wrapper.framework; name = UIKit.framework; path = System/Library/Frameworks/UIKit.framework; sourceTree = SDKROOT; };
		926003801A8B295D00AB4EBD /* githubtest-Info.plist */ = {isa = PBXFileReference; lastKnownFileType = text.plist.xml; path = "githubtest-Info.plist"; sourceTree = "<group>"; };
		926003821A8B295D00AB4EBD /* en */ = {isa = PBXFileReference; lastKnownFileType = text.plist.strings; name = en; path = en.lproj/InfoPlist.strings; sourceTree = "<group>"; };
		926003841A8B295D00AB4EBD /* main.m */ = {isa = PBXFileReference; lastKnownFileType = sourcecode.c.objc; path = main.m; sourceTree = "<group>"; };
		926003861A8B295D00AB4EBD /* githubtest-Prefix.pch */ = {isa = PBXFileReference; lastKnownFileType = sourcecode.c.h; path = "githubtest-Prefix.pch"; sourceTree = "<group>"; };
		926003871A8B295D00AB4EBD /* AppDelegate.h */ = {isa = PBXFileReference; lastKnownFileType = sourcecode.c.h; path = AppDelegate.h; sourceTree = "<group>"; };
		926003881A8B295D00AB4EBD /* AppDelegate.m */ = {isa = PBXFileReference; lastKnownFileType = sourcecode.c.objc; path = AppDelegate.m; sourceTree = "<group>"; };
		9260038B1A8B295D00AB4EBD /* Base */ = {isa = PBXFileReference; lastKnownFileType = file.storyboard; name = Base; path = Base.lproj/Main.storyboard; sourceTree = "<group>"; };
		9260038D1A8B295D00AB4EBD /* ViewController.h */ = {isa = PBXFileReference; lastKnownFileType = sourcecode.c.h; path = ViewController.h; sourceTree = "<group>"; };
		9260038E1A8B295D00AB4EBD /* ViewController.m */ = {isa = PBXFileReference; lastKnownFileType = sourcecode.c.objc; path = ViewController.m; sourceTree = "<group>"; };
		926003901A8B295D00AB4EBD /* Images.xcassets */ = {isa = PBXFileReference; lastKnownFileType = folder.assetcatalog; path = Images.xcassets; sourceTree = "<group>"; };
		926003961A8B295D00AB4EBD /* githubtestTests.xctest */ = {isa = PBXFileReference; explicitFileType = wrapper.cfbundle; includeInIndex = 0; path = githubtestTests.xctest; sourceTree = BUILT_PRODUCTS_DIR; };
		926003971A8B295D00AB4EBD /* XCTest.framework */ = {isa = PBXFileReference; lastKnownFileType = wrapper.framework; name = XCTest.framework; path = Library/Frameworks/XCTest.framework; sourceTree = DEVELOPER_DIR; };
		9260039F1A8B295D00AB4EBD /* githubtestTests-Info.plist */ = {isa = PBXFileReference; lastKnownFileType = text.plist.xml; path = "githubtestTests-Info.plist"; sourceTree = "<group>"; };
		926003A11A8B295D00AB4EBD /* en */ = {isa = PBXFileReference; lastKnownFileType = text.plist.strings; name = en; path = en.lproj/InfoPlist.strings; sourceTree = "<group>"; };
		926003A31A8B295D00AB4EBD /* githubtestTests.m */ = {isa = PBXFileReference; lastKnownFileType = sourcecode.c.objc; path = githubtestTests.m; sourceTree = "<group>"; };
/* End PBXFileReference section */

/* Begin PBXFrameworksBuildPhase section */
		926003721A8B295D00AB4EBD /* Frameworks */ = {
			isa = PBXFrameworksBuildPhase;
			buildActionMask = 2147483647;
			files = (
				9260037B1A8B295D00AB4EBD /* CoreGraphics.framework in Frameworks */,
				9260037D1A8B295D00AB4EBD /* UIKit.framework in Frameworks */,
				926003791A8B295D00AB4EBD /* Foundation.framework in Frameworks */,
			);
			runOnlyForDeploymentPostprocessing = 0;
		};
		926003931A8B295D00AB4EBD /* Frameworks */ = {
			isa = PBXFrameworksBuildPhase;
			buildActionMask = 2147483647;
			files = (
				926003981A8B295D00AB4EBD /* XCTest.framework in Frameworks */,
				9260039A1A8B295D00AB4EBD /* UIKit.framework in Frameworks */,
				926003991A8B295D00AB4EBD /* Foundation.framework in Frameworks */,
			);
			runOnlyForDeploymentPostprocessing = 0;
		};
/* End PBXFrameworksBuildPhase section */

/* Begin PBXGroup section */
		9260036C1A8B295D00AB4EBD = {
			isa = PBXGroup;
			children = (
				9260037E1A8B295D00AB4EBD /* githubtest */,
				9260039D1A8B295D00AB4EBD /* githubtestTests */,
				926003771A8B295D00AB4EBD /* Frameworks */,
				926003761A8B295D00AB4EBD /* Products */,
			);
			sourceTree = "<group>";
		};
		926003761A8B295D00AB4EBD /* Products */ = {
			isa = PBXGroup;
			children = (
				926003751A8B295D00AB4EBD /* githubtest.app */,
				926003961A8B295D00AB4EBD /* githubtestTests.xctest */,
			);
			name = Products;
			sourceTree = "<group>";
		};
		926003771A8B295D00AB4EBD /* Frameworks */ = {
			isa = PBXGroup;
			children = (
				926003781A8B295D00AB4EBD /* Foundation.framework */,
				9260037A1A8B295D00AB4EBD /* CoreGraphics.framework */,
				9260037C1A8B295D00AB4EBD /* UIKit.framework */,
				926003971A8B295D00AB4EBD /* XCTest.framework */,
			);
			name = Frameworks;
			sourceTree = "<group>";
		};
		9260037E1A8B295D00AB4EBD /* githubtest */ = {
			isa = PBXGroup;
			children = (
				926003871A8B295D00AB4EBD /* AppDelegate.h */,
				926003881A8B295D00AB4EBD /* AppDelegate.m */,
				9260038A1A8B295D00AB4EBD /* Main.storyboard */,
				9260038D1A8B295D00AB4EBD /* ViewController.h */,
				9260038E1A8B295D00AB4EBD /* ViewController.m */,
				926003901A8B295D00AB4EBD /* Images.xcassets */,
				9260037F1A8B295D00AB4EBD /* Supporting Files */,
			);
			path = githubtest;
			sourceTree = "<group>";
		};
		9260037F1A8B295D00AB4EBD /* Supporting Files */ = {
			isa = PBXGroup;
			children = (
				926003801A8B295D00AB4EBD /* githubtest-Info.plist */,
				926003811A8B295D00AB4EBD /* InfoPlist.strings */,
				926003841A8B295D00AB4EBD /* main.m */,
				926003861A8B295D00AB4EBD /* githubtest-Prefix.pch */,
			);
			name = "Supporting Files";
			sourceTree = "<group>";
		};
		9260039D1A8B295D00AB4EBD /* githubtestTests */ = {
			isa = PBXGroup;
			children = (
				926003A31A8B295D00AB4EBD /* githubtestTests.m */,
				9260039E1A8B295D00AB4EBD /* Supporting Files */,
			);
			path = githubtestTests;
			sourceTree = "<group>";
		};
		9260039E1A8B295D00AB4EBD /* Supporting Files */ = {
			isa = PBXGroup;
			children = (
				9260039F1A8B295D00AB4EBD /* githubtestTests-Info.plist */,
				926003A01A8B295D00AB4EBD /* InfoPlist.strings */,
			);
			name = "Supporting Files";
			sourceTree = "<group>";
		};
/* End PBXGroup section */

/* Begin PBXNativeTarget section */
		926003741A8B295D00AB4EBD /* githubtest */ = {
			isa = PBXNativeTarget;
			buildConfigurationList = 926003A71A8B295D00AB4EBD /* Build configuration list for PBXNativeTarget "githubtest" */;
			buildPhases = (
				926003711A8B295D00AB4EBD /* Sources */,
				926003721A8B295D00AB4EBD /* Frameworks */,
				926003731A8B295D00AB4EBD /* Resources */,
			);
			buildRules = (
			);
			dependencies = (
			);
			name = githubtest;
			productName = githubtest;
			productReference = 926003751A8B295D00AB4EBD /* githubtest.app */;
			productType = "com.apple.product-type.application";
		};
		926003951A8B295D00AB4EBD /* githubtestTests */ = {
			isa = PBXNativeTarget;
			buildConfigurationList = 926003AA1A8B295D00AB4EBD /* Build configuration list for PBXNativeTarget "githubtestTests" */;
			buildPhases = (
				926003921A8B295D00AB4EBD /* Sources */,
				926003931A8B295D00AB4EBD /* Frameworks */,
				926003941A8B295D00AB4EBD /* Resources */,
			);
			buildRules = (
			);
			dependencies = (
				9260039C1A8B295D00AB4EBD /* PBXTargetDependency */,
			);
			name = githubtestTests;
			productName = githubtestTests;
			productReference = 926003961A8B295D00AB4EBD /* githubtestTests.xctest */;
			productType = "com.apple.product-type.bundle.unit-test";
		};
/* End PBXNativeTarget section */

/* Begin PBXProject section */
		9260036D1A8B295D00AB4EBD /* Project object */ = {
			isa = PBXProject;
			attributes = {
				LastUpgradeCheck = 0510;
				ORGANIZATIONNAME = "Spice Digital";
				TargetAttributes = {
					926003951A8B295D00AB4EBD = {
						TestTargetID = 926003741A8B295D00AB4EBD;
					};
				};
			};
			buildConfigurationList = 926003701A8B295D00AB4EBD /* Build configuration list for PBXProject "githubtest" */;
			compatibilityVersion = "Xcode 3.2";
			developmentRegion = English;
			hasScannedForEncodings = 0;
			knownRegions = (
				en,
				Base,
			);
			mainGroup = 9260036C1A8B295D00AB4EBD;
			productRefGroup = 926003761A8B295D00AB4EBD /* Products */;
			projectDirPath = "";
			projectRoot = "";
			targets = (
				926003741A8B295D00AB4EBD /* githubtest */,
				926003951A8B295D00AB4EBD /* githubtestTests */,
			);
		};
/* End PBXProject section */

/* Begin PBXResourcesBuildPhase section */
		926003731A8B295D00AB4EBD /* Resources */ = {
			isa = PBXResourcesBuildPhase;
			buildActionMask = 2147483647;
			files = (
				926003911A8B295D00AB4EBD /* Images.xcassets in Resources */,
				926003831A8B295D00AB4EBD /* InfoPlist.strings in Resources */,
				9260038C1A8B295D00AB4EBD /* Main.storyboard in Resources */,
			);
			runOnlyForDeploymentPostprocessing = 0;
		};
		926003941A8B295D00AB4EBD /* Resources */ = {
			isa = PBXResourcesBuildPhase;
			buildActionMask = 2147483647;
			files = (
				926003A21A8B295D00AB4EBD /* InfoPlist.strings in Resources */,
			);
			runOnlyForDeploymentPostprocessing = 0;
		};
/* End PBXResourcesBuildPhase section */

/* Begin PBXSourcesBuildPhase section */
		926003711A8B295D00AB4EBD /* Sources */ = {
			isa = PBXSourcesBuildPhase;
			buildActionMask = 2147483647;
			files = (
				9260038F1A8B295D00AB4EBD /* ViewController.m in Sources */,
				926003891A8B295D00AB4EBD /* AppDelegate.m in Sources */,
				926003851A8B295D00AB4EBD /* main.m in Sources */,
			);
			runOnlyForDeploymentPostprocessing = 0;
		};
		926003921A8B295D00AB4EBD /* Sources */ = {
			isa = PBXSourcesBuildPhase;
			buildActionMask = 2147483647;
			files = (
				926003A41A8B295D00AB4EBD /* githubtestTests.m in Sources */,
			);
			runOnlyForDeploymentPostprocessing = 0;
		};
/* End PBXSourcesBuildPhase section */

/* Begin PBXTargetDependency section */
		9260039C1A8B295D00AB4EBD /* PBXTargetDependency */ = {
			isa = PBXTargetDependency;
			target = 926003741A8B295D00AB4EBD /* githubtest */;
			targetProxy = 9260039B1A8B295D00AB4EBD /* PBXContainerItemProxy */;
		};
/* End PBXTargetDependency section */

/* Begin PBXVariantGroup section */
		926003811A8B295D00AB4EBD /* InfoPlist.strings */ = {
			isa = PBXVariantGroup;
			children = (
				926003821A8B295D00AB4EBD /* en */,
			);
			name = InfoPlist.strings;
			sourceTree = "<group>";
		};
		9260038A1A8B295D00AB4EBD /* Main.storyboard */ = {
			isa = PBXVariantGroup;
			children = (
				9260038B1A8B295D00AB4EBD /* Base */,
			);
			name = Main.storyboard;
			sourceTree = "<group>";
		};
		926003A01A8B295D00AB4EBD /* InfoPlist.strings */ = {
			isa = PBXVariantGroup;
			children = (
				926003A11A8B295D00AB4EBD /* en */,
			);
			name = InfoPlist.strings;
			sourceTree = "<group>";
		};
/* End PBXVariantGroup section */

/* Begin XCBuildConfiguration section */
		926003A51A8B295D00AB4EBD /* Debug */ = {
			isa = XCBuildConfiguration;
			buildSettings = {
				ALWAYS_SEARCH_USER_PATHS = NO;
				CLANG_CXX_LANGUAGE_STANDARD = "gnu++0x";
				CLANG_CXX_LIBRARY = "libc++";
				CLANG_ENABLE_MODULES = YES;
				CLANG_ENABLE_OBJC_ARC = YES;
				CLANG_WARN_BOOL_CONVERSION = YES;
				CLANG_WARN_CONSTANT_CONVERSION = YES;
				CLANG_WARN_DIRECT_OBJC_ISA_USAGE = YES_ERROR;
				CLANG_WARN_EMPTY_BODY = YES;
				CLANG_WARN_ENUM_CONVERSION = YES;
				CLANG_WARN_INT_CONVERSION = YES;
				CLANG_WARN_OBJC_ROOT_CLASS = YES_ERROR;
				CLANG_WARN__DUPLICATE_METHOD_MATCH = YES;
				"CODE_SIGN_IDENTITY[sdk=iphoneos*]" = "iPhone Developer";
				COPY_PHASE_STRIP = NO;
				GCC_C_LANGUAGE_STANDARD = gnu99;
				GCC_DYNAMIC_NO_PIC = NO;
				GCC_OPTIMIZATION_LEVEL = 0;
				GCC_PREPROCESSOR_DEFINITIONS = (
					"DEBUG=1",
					"$(inherited)",
				);
				GCC_SYMBOLS_PRIVATE_EXTERN = NO;
				GCC_WARN_64_TO_32_BIT_CONVERSION = YES;
				GCC_WARN_ABOUT_RETURN_TYPE = YES_ERROR;
				GCC_WARN_UNDECLARED_SELECTOR = YES;
				GCC_WARN_UNINITIALIZED_AUTOS = YES_AGGRESSIVE;
				GCC_WARN_UNUSED_FUNCTION = YES;
				GCC_WARN_UNUSED_VARIABLE = YES;
				IPHONEOS_DEPLOYMENT_TARGET = 7.1;
				ONLY_ACTIVE_ARCH = YES;
				SDKROOT = iphoneos;
			};
			name = Debug;
		};
		926003A61A8B295D00AB4EBD /* Release */ = {
			isa = XCBuildConfiguration;
			buildSettings = {
				ALWAYS_SEARCH_USER_PATHS = NO;
				CLANG_CXX_LANGUAGE_STANDARD = "gnu++0x";
				CLANG_CXX_LIBRARY = "libc++";
				CLANG_ENABLE_MODULES = YES;
				CLANG_ENABLE_OBJC_ARC = YES;
				CLANG_WARN_BOOL_CONVERSION = YES;
				CLANG_WARN_CONSTANT_CONVERSION = YES;
				CLANG_WARN_DIRECT_OBJC_ISA_USAGE = YES_ERROR;
				CLANG_WARN_EMPTY_BODY = YES;
				CLANG_WARN_ENUM_CONVERSION = YES;
				CLANG_WARN_INT_CONVERSION = YES;
				CLANG_WARN_OBJC_ROOT_CLASS = YES_ERROR;
				CLANG_WARN__DUPLICATE_METHOD_MATCH = YES;
				"CODE_SIGN_IDENTITY[sdk=iphoneos*]" = "iPhone Developer";
				COPY_PHASE_STRIP = YES;
				ENABLE_NS_ASSERTIONS = NO;
				GCC_C_LANGUAGE_STANDARD = gnu99;
				GCC_WARN_64_TO_32_BIT_CONVERSION = YES;
				GCC_WARN_ABOUT_RETURN_TYPE = YES_ERROR;
				GCC_WARN_UNDECLARED_SELECTOR = YES;
				GCC_WARN_UNINITIALIZED_AUTOS = YES_AGGRESSIVE;
				GCC_WARN_UNUSED_FUNCTION = YES;
				GCC_WARN_UNUSED_VARIABLE = YES;
				IPHONEOS_DEPLOYMENT_TARGET = 7.1;
				SDKROOT = iphoneos;
				VALIDATE_PRODUCT = YES;
			};
			name = Release;
		};
		926003A81A8B295D00AB4EBD /* Debug */ = {
			isa = XCBuildConfiguration;
			buildSettings = {
				ASSETCATALOG_COMPILER_APPICON_NAME = AppIcon;
				ASSETCATALOG_COMPILER_LAUNCHIMAGE_NAME = LaunchImage;
				GCC_PRECOMPILE_PREFIX_HEADER = YES;
				GCC_PREFIX_HEADER = "githubtest/githubtest-Prefix.pch";
				INFOPLIST_FILE = "githubtest/githubtest-Info.plist";
				PRODUCT_NAME = "$(TARGET_NAME)";
				WRAPPER_EXTENSION = app;
			};
			name = Debug;
		};
		926003A91A8B295D00AB4EBD /* Release */ = {
			isa = XCBuildConfiguration;
			buildSettings = {
				ASSETCATALOG_COMPILER_APPICON_NAME = AppIcon;
				ASSETCATALOG_COMPILER_LAUNCHIMAGE_NAME = LaunchImage;
				GCC_PRECOMPILE_PREFIX_HEADER = YES;
				GCC_PREFIX_HEADER = "githubtest/githubtest-Prefix.pch";
				INFOPLIST_FILE = "githubtest/githubtest-Info.plist";
				PRODUCT_NAME = "$(TARGET_NAME)";
				WRAPPER_EXTENSION = app;
			};
			name = Release;
		};
		926003AB1A8B295D00AB4EBD /* Debug */ = {
			isa = XCBuildConfiguration;
			buildSettings = {
				BUNDLE_LOADER = "$(BUILT_PRODUCTS_DIR)/githubtest.app/githubtest";
				FRAMEWORK_SEARCH_PATHS = (
					"$(SDKROOT)/Developer/Library/Frameworks",
					"$(inherited)",
					"$(DEVELOPER_FRAMEWORKS_DIR)",
				);
				GCC_PRECOMPILE_PREFIX_HEADER = YES;
				GCC_PREFIX_HEADER = "githubtest/githubtest-Prefix.pch";
				GCC_PREPROCESSOR_DEFINITIONS = (
					"DEBUG=1",
					"$(inherited)",
				);
				INFOPLIST_FILE = "githubtestTests/githubtestTests-Info.plist";
				PRODUCT_NAME = "$(TARGET_NAME)";
				TEST_HOST = "$(BUNDLE_LOADER)";
				WRAPPER_EXTENSION = xctest;
			};
			name = Debug;
		};
		926003AC1A8B295D00AB4EBD /* Release */ = {
			isa = XCBuildConfiguration;
			buildSettings = {
				BUNDLE_LOADER = "$(BUILT_PRODUCTS_DIR)/githubtest.app/githubtest";
				FRAMEWORK_SEARCH_PATHS = (
					"$(SDKROOT)/Developer/Library/Frameworks",
					"$(inherited)",
					"$(DEVELOPER_FRAMEWORKS_DIR)",
				);
				GCC_PRECOMPILE_PREFIX_HEADER = YES;
				GCC_PREFIX_HEADER = "githubtest/githubtest-Prefix.pch";
				INFOPLIST_FILE = "githubtestTests/githubtestTests-Info.plist";
				PRODUCT_NAME = "$(TARGET_NAME)";
				TEST_HOST = "$(BUNDLE_LOADER)";
				WRAPPER_EXTENSION = xctest;
			};
			name = Release;
		};
/* End XCBuildConfiguration section */

/* Begin XCConfigurationList section */
		926003701A8B295D00AB4EBD /* Build configuration list for PBXProject "githubtest" */ = {
			isa = XCConfigurationList;
			buildConfigurations = (
				926003A51A8B295D00AB4EBD /* Debug */,
				926003A61A8B295D00AB4EBD /* Release */,
			);
			defaultConfigurationIsVisible = 0;
			defaultConfigurationName = Release;
		};
		926003A71A8B295D00AB4EBD /* Build configuration list for PBXNativeTarget "githubtest" */ = {
			isa = XCConfigurationList;
			buildConfigurations = (
				926003A81A8B295D00AB4EBD /* Debug */,
				926003A91A8B295D00AB4EBD /* Release */,
			);
			defaultConfigurationIsVisible = 0;
		};
		926003AA1A8B295D00AB4EBD /* Build configuration list for PBXNativeTarget "githubtestTests" */ = {
			isa = XCConfigurationList;
			buildConfigurations = (
				926003AB1A8B295D00AB4EBD /* Debug */,
				926003AC1A8B295D00AB4EBD /* Release */,
			);
			defaultConfigurationIsVisible = 0;
		};
/* End XCConfigurationList section */
	};
	rootObject = 9260036D1A8B295D00AB4EBD /* Project object */;
}
